
Microsoft Visual Studio Solution File, Format Version 12.00
# Visual Studio Version 17
VisualStudioVersion = 17.3.32804.467
MinimumVisualStudioVersion = 10.0.40219.1
Project("{FAE04EC0-301F-11D3-BF4B-00C04F79EFBC}") = "SupperCRMApplication.WebApp", "SupperCRMApplication.WebApp\SupperCRMApplication.WebApp.csproj", "{A69819ED-A1A3-4FE1-A3F2-552310DC2D8E}"
EndProject
Global
	GlobalSection(SolutionConfigurationPlatforms) = preSolution
		Debug|Any CPU = Debug|Any CPU
		Release|Any CPU = Release|Any CPU
	EndGlobalSection
	GlobalSection(ProjectConfigurationPlatforms) = postSolution
		{A69819ED-A1A3-4FE1-A3F2-552310DC2D8E}.Debug|Any CPU.ActiveCfg = Debug|Any CPU
		{A69819ED-A1A3-4FE1-A3F2-552310DC2D8E}.Debug|Any CPU.Build.0 = Debug|Any CPU
		{A69819ED-A1A3-4FE1-A3F2-552310DC2D8E}.Release|Any CPU.ActiveCfg = Release|Any CPU
		{A69819ED-A1A3-4FE1-A3F2-552310DC2D8E}.Release|Any CPU.Build.0 = Release|Any CPU
	EndGlobalSection
	GlobalSection(SolutionProperties) = preSolution
		HideSolutionNode = FALSE
	EndGlobalSection
	GlobalSection(ExtensibilityGlobals) = postSolution
		SolutionGuid = {60B0009D-DA88-4CDC-8852-94C4F21BC929}
	EndGlobalSection
EndGlobal
